
Microsoft Visual Studio Solution File, Format Version 12.00
# Visual Studio 2012
Project("{FAE04EC0-301F-11D3-BF4B-00C04F79EFBC}") = "RazorMVCSite", "RazorMVCSite\RazorMVCSite.csproj", "{84244D1C-9056-4732-8F43-D30268C78E76}"
EndProject
Global
	GlobalSection(SolutionConfigurationPlatforms) = preSolution
		Debug|Any CPU = Debug|Any CPU
		Release|Any CPU = Release|Any CPU
	EndGlobalSection
	GlobalSection(ProjectConfigurationPlatforms) = postSolution
		{84244D1C-9056-4732-8F43-D30268C78E76}.Debug|Any CPU.ActiveCfg = Debug|Any CPU
		{84244D1C-9056-4732-8F43-D30268C78E76}.Debug|Any CPU.Build.0 = Debug|Any CPU
		{84244D1C-9056-4732-8F43-D30268C78E76}.Release|Any CPU.ActiveCfg = Release|Any CPU
		{84244D1C-9056-4732-8F43-D30268C78E76}.Release|Any CPU.Build.0 = Release|Any CPU
	EndGlobalSection
EndGlobal
